
Microsoft Visual Studio Solution File, Format Version 12.00
# Visual Studio Version 17
VisualStudioVersion = 17.13.35825.156
MinimumVisualStudioVersion = 10.0.40219.1
Project("{FAE04EC0-301F-11D3-BF4B-00C04F79EFBC}") = "Szk3.Common.Domain", "Szk3.Common.Domain\Szk3.Common.Domain.csproj", "{47D3B9A0-CD89-41C8-A3DA-E63FECF16B24}"
EndProject
Project("{2150E333-8FDC-42A3-9474-1A3956D46DE8}") = "shared", "shared", "{02EA681E-C7D8-13C7-8484-4AC65E1B71E8}"
EndProject
Project("{2150E333-8FDC-42A3-9474-1A3956D46DE8}") = "core", "core", "{12FBE807-A8ED-47BD-96DD-48BB5525E84A}"
EndProject
Project("{2150E333-8FDC-42A3-9474-1A3956D46DE8}") = "company", "company", "{2C182352-B103-4FCB-9D42-61AA232AB953}"
EndProject
Project("{2150E333-8FDC-42A3-9474-1A3956D46DE8}") = "orders", "orders", "{C372E099-86F3-44A4-8896-B4537286409C}"
EndProject
Project("{2150E333-8FDC-42A3-9474-1A3956D46DE8}") = "country", "country", "{26238030-B839-4B3E-897F-06E138D5D5DD}"
EndProject
Project("{2150E333-8FDC-42A3-9474-1A3956D46DE8}") = "core", "core", "{2DA49930-A3E8-49D1-95BE-29773621E9FE}"
EndProject
Project("{FAE04EC0-301F-11D3-BF4B-00C04F79EFBC}") = "Szk3.Country.Domain", "Szk3.Country.Domain\Szk3.Country.Domain.csproj", "{9C4E7120-3DCD-4059-8D8F-DC00DD1B3313}"
EndProject
Project("{FAE04EC0-301F-11D3-BF4B-00C04F79EFBC}") = "Szk3.Country.Application", "Szk3.Country.Application\Szk3.Country.Application.csproj", "{8EF6F9B9-2587-4B1D-89E4-C49889A19DE8}"
EndProject
Project("{2150E333-8FDC-42A3-9474-1A3956D46DE8}") = "infra", "infra", "{41AA7957-D594-4A56-9E8C-089B0C4CE9EC}"
EndProject
Project("{FAE04EC0-301F-11D3-BF4B-00C04F79EFBC}") = "Szk3.Company.Domain", "Szk3.Company.Domain\Szk3.Company.Domain.csproj", "{CC006A90-AA68-4813-91BB-898708A95C10}"
EndProject
Project("{2150E333-8FDC-42A3-9474-1A3956D46DE8}") = "core", "core", "{D7B01C20-53D4-4E8E-AD4A-D1ABC0A6329F}"
EndProject
Project("{FAE04EC0-301F-11D3-BF4B-00C04F79EFBC}") = "Szk3.Common.Application", "Szk3.Common.Application\Szk3.Common.Application.csproj", "{2725CF47-90EB-3CF1-A518-AB6932E8F126}"
EndProject
Project("{FAE04EC0-301F-11D3-BF4B-00C04F79EFBC}") = "Szk3.Common.Infra", "Szk3.Common.Infra\Szk3.Common.Infra.csproj", "{FE769EE1-E814-76AD-9E80-642F67377E10}"
EndProject
Project("{FAE04EC0-301F-11D3-BF4B-00C04F79EFBC}") = "Szk3.Common.Abstractions", "Szk3.Common.Abstractions\Szk3.Common.Abstractions.csproj", "{CE915AF7-D54D-2B91-4430-FF272D14E84B}"
EndProject
Project("{FAE04EC0-301F-11D3-BF4B-00C04F79EFBC}") = "Szk3.Company.Application", "Szk3.Company.Application\Szk3.Company.Application.csproj", "{AC0CE5A8-3B10-7E11-710B-23821ECAF532}"
EndProject
Project("{FAE04EC0-301F-11D3-BF4B-00C04F79EFBC}") = "Szk3.Country.Infra", "Szk3.Country.Infra\Szk3.Country.Infra.csproj", "{E3470FAA-E906-683F-257C-7EE32A42C66C}"
EndProject
Project("{2150E333-8FDC-42A3-9474-1A3956D46DE8}") = "infra", "infra", "{F54D5A85-6128-4067-AB59-EFA865339D1A}"
EndProject
Project("{2150E333-8FDC-42A3-9474-1A3956D46DE8}") = "services", "services", "{272092EF-9A73-4E84-9AA1-B2B861085C33}"
EndProject
Project("{FAE04EC0-301F-11D3-BF4B-00C04F79EFBC}") = "Szk3.Country.Api", "Szk3.Country.Api\Szk3.Country.Api.csproj", "{961026AA-2CFA-4A60-A60F-F86D0D3E3EED}"
EndProject
Project("{2150E333-8FDC-42A3-9474-1A3956D46DE8}") = "infrastructure", "infrastructure", "{F270D542-0A94-48AB-9D3E-2D9D13132AD3}"
EndProject
Project("{FAE04EC0-301F-11D3-BF4B-00C04F79EFBC}") = "Szk3.Company.Infrastructure", "Szk3.Company.Infrastructure\Szk3.Company.Infrastructure.csproj", "{27DF7D2C-1B0E-44F4-A0FC-B6DDFCAB2BD4}"
EndProject
Project("{2150E333-8FDC-42A3-9474-1A3956D46DE8}") = "services", "services", "{0815DBFE-56C8-4619-A49A-2F4F9C97A860}"
EndProject
Project("{FAE04EC0-301F-11D3-BF4B-00C04F79EFBC}") = "Szk3.Company.Api", "Szk3.Company.Api\Szk3.Company.Api.csproj", "{5D997256-4E85-46EC-8024-A7E016B4D9D8}"
EndProject
Global
	GlobalSection(SolutionConfigurationPlatforms) = preSolution
		Debug|Any CPU = Debug|Any CPU
		Release|Any CPU = Release|Any CPU
	EndGlobalSection
	GlobalSection(ProjectConfigurationPlatforms) = postSolution
		{47D3B9A0-CD89-41C8-A3DA-E63FECF16B24}.Debug|Any CPU.ActiveCfg = Debug|Any CPU
		{47D3B9A0-CD89-41C8-A3DA-E63FECF16B24}.Debug|Any CPU.Build.0 = Debug|Any CPU
		{47D3B9A0-CD89-41C8-A3DA-E63FECF16B24}.Release|Any CPU.ActiveCfg = Release|Any CPU
		{47D3B9A0-CD89-41C8-A3DA-E63FECF16B24}.Release|Any CPU.Build.0 = Release|Any CPU
		{9C4E7120-3DCD-4059-8D8F-DC00DD1B3313}.Debug|Any CPU.ActiveCfg = Debug|Any CPU
		{9C4E7120-3DCD-4059-8D8F-DC00DD1B3313}.Debug|Any CPU.Build.0 = Debug|Any CPU
		{9C4E7120-3DCD-4059-8D8F-DC00DD1B3313}.Release|Any CPU.ActiveCfg = Release|Any CPU
		{9C4E7120-3DCD-4059-8D8F-DC00DD1B3313}.Release|Any CPU.Build.0 = Release|Any CPU
		{8EF6F9B9-2587-4B1D-89E4-C49889A19DE8}.Debug|Any CPU.ActiveCfg = Debug|Any CPU
		{8EF6F9B9-2587-4B1D-89E4-C49889A19DE8}.Debug|Any CPU.Build.0 = Debug|Any CPU
		{8EF6F9B9-2587-4B1D-89E4-C49889A19DE8}.Release|Any CPU.ActiveCfg = Release|Any CPU
		{8EF6F9B9-2587-4B1D-89E4-C49889A19DE8}.Release|Any CPU.Build.0 = Release|Any CPU
		{CC006A90-AA68-4813-91BB-898708A95C10}.Debug|Any CPU.ActiveCfg = Debug|Any CPU
		{CC006A90-AA68-4813-91BB-898708A95C10}.Debug|Any CPU.Build.0 = Debug|Any CPU
		{CC006A90-AA68-4813-91BB-898708A95C10}.Release|Any CPU.ActiveCfg = Release|Any CPU
		{CC006A90-AA68-4813-91BB-898708A95C10}.Release|Any CPU.Build.0 = Release|Any CPU
		{2725CF47-90EB-3CF1-A518-AB6932E8F126}.Debug|Any CPU.ActiveCfg = Debug|Any CPU
		{2725CF47-90EB-3CF1-A518-AB6932E8F126}.Debug|Any CPU.Build.0 = Debug|Any CPU
		{2725CF47-90EB-3CF1-A518-AB6932E8F126}.Release|Any CPU.ActiveCfg = Release|Any CPU
		{2725CF47-90EB-3CF1-A518-AB6932E8F126}.Release|Any CPU.Build.0 = Release|Any CPU
		{FE769EE1-E814-76AD-9E80-642F67377E10}.Debug|Any CPU.ActiveCfg = Debug|Any CPU
		{FE769EE1-E814-76AD-9E80-642F67377E10}.Debug|Any CPU.Build.0 = Debug|Any CPU
		{FE769EE1-E814-76AD-9E80-642F67377E10}.Release|Any CPU.ActiveCfg = Release|Any CPU
		{FE769EE1-E814-76AD-9E80-642F67377E10}.Release|Any CPU.Build.0 = Release|Any CPU
		{CE915AF7-D54D-2B91-4430-FF272D14E84B}.Debug|Any CPU.ActiveCfg = Debug|Any CPU
		{CE915AF7-D54D-2B91-4430-FF272D14E84B}.Debug|Any CPU.Build.0 = Debug|Any CPU
		{CE915AF7-D54D-2B91-4430-FF272D14E84B}.Release|Any CPU.ActiveCfg = Release|Any CPU
		{CE915AF7-D54D-2B91-4430-FF272D14E84B}.Release|Any CPU.Build.0 = Release|Any CPU
		{AC0CE5A8-3B10-7E11-710B-23821ECAF532}.Debug|Any CPU.ActiveCfg = Debug|Any CPU
		{AC0CE5A8-3B10-7E11-710B-23821ECAF532}.Debug|Any CPU.Build.0 = Debug|Any CPU
		{AC0CE5A8-3B10-7E11-710B-23821ECAF532}.Release|Any CPU.ActiveCfg = Release|Any CPU
		{AC0CE5A8-3B10-7E11-710B-23821ECAF532}.Release|Any CPU.Build.0 = Release|Any CPU
		{E3470FAA-E906-683F-257C-7EE32A42C66C}.Debug|Any CPU.ActiveCfg = Debug|Any CPU
		{E3470FAA-E906-683F-257C-7EE32A42C66C}.Debug|Any CPU.Build.0 = Debug|Any CPU
		{E3470FAA-E906-683F-257C-7EE32A42C66C}.Release|Any CPU.ActiveCfg = Release|Any CPU
		{E3470FAA-E906-683F-257C-7EE32A42C66C}.Release|Any CPU.Build.0 = Release|Any CPU
		{961026AA-2CFA-4A60-A60F-F86D0D3E3EED}.Debug|Any CPU.ActiveCfg = Debug|Any CPU
		{961026AA-2CFA-4A60-A60F-F86D0D3E3EED}.Debug|Any CPU.Build.0 = Debug|Any CPU
		{961026AA-2CFA-4A60-A60F-F86D0D3E3EED}.Release|Any CPU.ActiveCfg = Release|Any CPU
		{961026AA-2CFA-4A60-A60F-F86D0D3E3EED}.Release|Any CPU.Build.0 = Release|Any CPU
		{27DF7D2C-1B0E-44F4-A0FC-B6DDFCAB2BD4}.Debug|Any CPU.ActiveCfg = Debug|Any CPU
		{27DF7D2C-1B0E-44F4-A0FC-B6DDFCAB2BD4}.Debug|Any CPU.Build.0 = Debug|Any CPU
		{27DF7D2C-1B0E-44F4-A0FC-B6DDFCAB2BD4}.Release|Any CPU.ActiveCfg = Release|Any CPU
		{27DF7D2C-1B0E-44F4-A0FC-B6DDFCAB2BD4}.Release|Any CPU.Build.0 = Release|Any CPU
		{5D997256-4E85-46EC-8024-A7E016B4D9D8}.Debug|Any CPU.ActiveCfg = Debug|Any CPU
		{5D997256-4E85-46EC-8024-A7E016B4D9D8}.Debug|Any CPU.Build.0 = Debug|Any CPU
		{5D997256-4E85-46EC-8024-A7E016B4D9D8}.Release|Any CPU.ActiveCfg = Release|Any CPU
		{5D997256-4E85-46EC-8024-A7E016B4D9D8}.Release|Any CPU.Build.0 = Release|Any CPU
	EndGlobalSection
	GlobalSection(SolutionProperties) = preSolution
		HideSolutionNode = FALSE
	EndGlobalSection
	GlobalSection(NestedProjects) = preSolution
		{47D3B9A0-CD89-41C8-A3DA-E63FECF16B24} = {12FBE807-A8ED-47BD-96DD-48BB5525E84A}
		{12FBE807-A8ED-47BD-96DD-48BB5525E84A} = {02EA681E-C7D8-13C7-8484-4AC65E1B71E8}
		{2DA49930-A3E8-49D1-95BE-29773621E9FE} = {26238030-B839-4B3E-897F-06E138D5D5DD}
		{9C4E7120-3DCD-4059-8D8F-DC00DD1B3313} = {2DA49930-A3E8-49D1-95BE-29773621E9FE}
		{8EF6F9B9-2587-4B1D-89E4-C49889A19DE8} = {2DA49930-A3E8-49D1-95BE-29773621E9FE}
		{41AA7957-D594-4A56-9E8C-089B0C4CE9EC} = {26238030-B839-4B3E-897F-06E138D5D5DD}
		{CC006A90-AA68-4813-91BB-898708A95C10} = {D7B01C20-53D4-4E8E-AD4A-D1ABC0A6329F}
		{D7B01C20-53D4-4E8E-AD4A-D1ABC0A6329F} = {2C182352-B103-4FCB-9D42-61AA232AB953}
		{2725CF47-90EB-3CF1-A518-AB6932E8F126} = {12FBE807-A8ED-47BD-96DD-48BB5525E84A}
		{FE769EE1-E814-76AD-9E80-642F67377E10} = {F54D5A85-6128-4067-AB59-EFA865339D1A}
		{CE915AF7-D54D-2B91-4430-FF272D14E84B} = {12FBE807-A8ED-47BD-96DD-48BB5525E84A}
		{AC0CE5A8-3B10-7E11-710B-23821ECAF532} = {D7B01C20-53D4-4E8E-AD4A-D1ABC0A6329F}
		{E3470FAA-E906-683F-257C-7EE32A42C66C} = {41AA7957-D594-4A56-9E8C-089B0C4CE9EC}
		{F54D5A85-6128-4067-AB59-EFA865339D1A} = {02EA681E-C7D8-13C7-8484-4AC65E1B71E8}
		{272092EF-9A73-4E84-9AA1-B2B861085C33} = {26238030-B839-4B3E-897F-06E138D5D5DD}
		{961026AA-2CFA-4A60-A60F-F86D0D3E3EED} = {272092EF-9A73-4E84-9AA1-B2B861085C33}
		{F270D542-0A94-48AB-9D3E-2D9D13132AD3} = {2C182352-B103-4FCB-9D42-61AA232AB953}
		{27DF7D2C-1B0E-44F4-A0FC-B6DDFCAB2BD4} = {F270D542-0A94-48AB-9D3E-2D9D13132AD3}
		{0815DBFE-56C8-4619-A49A-2F4F9C97A860} = {2C182352-B103-4FCB-9D42-61AA232AB953}
		{5D997256-4E85-46EC-8024-A7E016B4D9D8} = {0815DBFE-56C8-4619-A49A-2F4F9C97A860}
	EndGlobalSection
	GlobalSection(ExtensibilityGlobals) = postSolution
		SolutionGuid = {A31D26DA-2818-483A-B6B8-89A86D53970A}
	EndGlobalSection
EndGlobal
